
Microsoft Visual Studio Solution File, Format Version 12.00
# Visual Studio 15
VisualStudioVersion = 15.0.27004.2005
MinimumVisualStudioVersion = 10.0.40219.1
Project("{FAE04EC0-301F-11D3-BF4B-00C04F79EFBC}") = "CircuitBreakerTestApp", "CircuitBreakerTestApp\CircuitBreakerTestApp.csproj", "{D1C6D298-E656-422B-ACBF-3A0D814838F0}"
EndProject
Project("{FAE04EC0-301F-11D3-BF4B-00C04F79EFBC}") = "CircuitBreaker", "CircuitBreaker\CircuitBreaker.csproj", "{65909BFF-14B5-4636-9F00-AC2E23AFA241}"
EndProject
Global
	GlobalSection(SolutionConfigurationPlatforms) = preSolution
		Debug|Any CPU = Debug|Any CPU
		Release|Any CPU = Release|Any CPU
	EndGlobalSection
	GlobalSection(ProjectConfigurationPlatforms) = postSolution
		{D1C6D298-E656-422B-ACBF-3A0D814838F0}.Debug|Any CPU.ActiveCfg = Debug|Any CPU
		{D1C6D298-E656-422B-ACBF-3A0D814838F0}.Debug|Any CPU.Build.0 = Debug|Any CPU
		{D1C6D298-E656-422B-ACBF-3A0D814838F0}.Release|Any CPU.ActiveCfg = Release|Any CPU
		{D1C6D298-E656-422B-ACBF-3A0D814838F0}.Release|Any CPU.Build.0 = Release|Any CPU
		{65909BFF-14B5-4636-9F00-AC2E23AFA241}.Debug|Any CPU.ActiveCfg = Debug|Any CPU
		{65909BFF-14B5-4636-9F00-AC2E23AFA241}.Debug|Any CPU.Build.0 = Debug|Any CPU
		{65909BFF-14B5-4636-9F00-AC2E23AFA241}.Release|Any CPU.ActiveCfg = Release|Any CPU
		{65909BFF-14B5-4636-9F00-AC2E23AFA241}.Release|Any CPU.Build.0 = Release|Any CPU
	EndGlobalSection
	GlobalSection(SolutionProperties) = preSolution
		HideSolutionNode = FALSE
	EndGlobalSection
	GlobalSection(ExtensibilityGlobals) = postSolution
		SolutionGuid = {11677DA0-2E6A-4B6D-81F5-31DE94458A4B}
	EndGlobalSection
EndGlobal
